
Microsoft Visual Studio Solution File, Format Version 12.00
# Visual Studio Version 17
VisualStudioVersion = 17.11.35327.3
MinimumVisualStudioVersion = 10.0.40219.1
Project("{FAE04EC0-301F-11D3-BF4B-00C04F79EFBC}") = "Image.API", "Image.API\Image.API.csproj", "{C682F459-2F4B-453D-AE1B-8DB3AB182A6F}"
EndProject
Global
	GlobalSection(SolutionConfigurationPlatforms) = preSolution
		Debug|Any CPU = Debug|Any CPU
		Release|Any CPU = Release|Any CPU
	EndGlobalSection
	GlobalSection(ProjectConfigurationPlatforms) = postSolution
		{C682F459-2F4B-453D-AE1B-8DB3AB182A6F}.Debug|Any CPU.ActiveCfg = Debug|Any CPU
		{C682F459-2F4B-453D-AE1B-8DB3AB182A6F}.Debug|Any CPU.Build.0 = Debug|Any CPU
		{C682F459-2F4B-453D-AE1B-8DB3AB182A6F}.Release|Any CPU.ActiveCfg = Release|Any CPU
		{C682F459-2F4B-453D-AE1B-8DB3AB182A6F}.Release|Any CPU.Build.0 = Release|Any CPU
	EndGlobalSection
	GlobalSection(SolutionProperties) = preSolution
		HideSolutionNode = FALSE
	EndGlobalSection
	GlobalSection(ExtensibilityGlobals) = postSolution
		SolutionGuid = {3FC33EE1-EBC2-4280-9029-AF6EFEA1E181}
	EndGlobalSection
EndGlobal
